
Microsoft Visual Studio Solution File, Format Version 12.00
# Visual Studio Version 17
VisualStudioVersion = 17.5.002.0
MinimumVisualStudioVersion = 10.0.40219.1
Project("{9A19103F-16F7-4668-BE54-9A1E7A4F7556}") = "myWebApp", "myWebApp.csproj", "{F421C2D4-3156-4A88-8DE9-71EDFB2F0782}"
EndProject
Global
	GlobalSection(SolutionConfigurationPlatforms) = preSolution
		Debug|Any CPU = Debug|Any CPU
		Release|Any CPU = Release|Any CPU
	EndGlobalSection
	GlobalSection(ProjectConfigurationPlatforms) = postSolution
		{F421C2D4-3156-4A88-8DE9-71EDFB2F0782}.Debug|Any CPU.ActiveCfg = Debug|Any CPU
		{F421C2D4-3156-4A88-8DE9-71EDFB2F0782}.Debug|Any CPU.Build.0 = Debug|Any CPU
		{F421C2D4-3156-4A88-8DE9-71EDFB2F0782}.Release|Any CPU.ActiveCfg = Release|Any CPU
		{F421C2D4-3156-4A88-8DE9-71EDFB2F0782}.Release|Any CPU.Build.0 = Release|Any CPU
	EndGlobalSection
	GlobalSection(SolutionProperties) = preSolution
		HideSolutionNode = FALSE
	EndGlobalSection
	GlobalSection(ExtensibilityGlobals) = postSolution
		SolutionGuid = {6A2B1586-D3AC-437E-9E84-26749218B594}
	EndGlobalSection
EndGlobal
